
Microsoft Visual Studio Solution File, Format Version 12.00
# Visual Studio Version 16
VisualStudioVersion = 16.0.29806.167
MinimumVisualStudioVersion = 10.0.40219.1
Project("{8BC9CEB8-8B4A-11D0-8D11-00A0C91BC942}") = "Project1", "Project1.vcxproj", "{9946C233-6960-409C-AD2A-8B5EF2F2547F}"
EndProject
Global
	GlobalSection(SolutionConfigurationPlatforms) = preSolution
		Debug|x64 = Debug|x64
		Debug|x86 = Debug|x86
		Release|x64 = Release|x64
		Release|x86 = Release|x86
	EndGlobalSection
	GlobalSection(ProjectConfigurationPlatforms) = postSolution
		{9946C233-6960-409C-AD2A-8B5EF2F2547F}.Debug|x64.ActiveCfg = Debug|x64
		{9946C233-6960-409C-AD2A-8B5EF2F2547F}.Debug|x64.Build.0 = Debug|x64
		{9946C233-6960-409C-AD2A-8B5EF2F2547F}.Debug|x86.ActiveCfg = Debug|Win32
		{9946C233-6960-409C-AD2A-8B5EF2F2547F}.Debug|x86.Build.0 = Debug|Win32
		{9946C233-6960-409C-AD2A-8B5EF2F2547F}.Release|x64.ActiveCfg = Release|x64
		{9946C233-6960-409C-AD2A-8B5EF2F2547F}.Release|x64.Build.0 = Release|x64
		{9946C233-6960-409C-AD2A-8B5EF2F2547F}.Release|x86.ActiveCfg = Release|Win32
		{9946C233-6960-409C-AD2A-8B5EF2F2547F}.Release|x86.Build.0 = Release|Win32
	EndGlobalSection
	GlobalSection(SolutionProperties) = preSolution
		HideSolutionNode = FALSE
	EndGlobalSection
	GlobalSection(ExtensibilityGlobals) = postSolution
		SolutionGuid = {324276FB-B6A3-470A-B24A-4E80C7D2B4F6}
	EndGlobalSection
EndGlobal
